
Microsoft Visual Studio Solution File, Format Version 12.00
# Visual Studio Version 16
VisualStudioVersion = 16.0.29102.190
MinimumVisualStudioVersion = 10.0.40219.1
Project("{2150E333-8FDC-42A3-9474-1A3956D46DE8}") = "src", "src", "{4D5F5F21-0CB7-4B4E-A42F-732BD4AFD0FF}"
	ProjectSection(SolutionItems) = preProject
		src\directory.build.props = src\directory.build.props
		src\directory.build.targets = src\directory.build.targets
	EndProjectSection
EndProject
Project("{2150E333-8FDC-42A3-9474-1A3956D46DE8}") = "test", "test", "{0987757E-4D09-4523-B9C9-65B1E8832AA1}"
	ProjectSection(SolutionItems) = preProject
		test\.editorconfig = test\.editorconfig
		test\acceptance.xunit.runner.json = test\acceptance.xunit.runner.json
		test\directory.build.props = test\directory.build.props
		test\xunit.runner.json = test\xunit.runner.json
	EndProjectSection
EndProject
Project("{2150E333-8FDC-42A3-9474-1A3956D46DE8}") = "misc", "misc", "{2957BAF3-9E50-4D82-B732-A34345C4A8F2}"
	ProjectSection(SolutionItems) = preProject
		.editorconfig = .editorconfig
		.gitattributes = .gitattributes
		.gitignore = .gitignore
		CONTRIBUTING.md = CONTRIBUTING.md
		LICENSE = LICENSE
		nuget.config = nuget.config
		README.md = README.md
	EndProjectSection
EndProject
Project("{2150E333-8FDC-42A3-9474-1A3956D46DE8}") = "samples", "samples", "{915BB224-B1D0-4E27-A348-67FCC77AAA44}"
	ProjectSection(SolutionItems) = preProject
		samples\directory.build.props = samples\directory.build.props
	EndProjectSection
EndProject
Project("{2150E333-8FDC-42A3-9474-1A3956D46DE8}") = "webapi", "webapi", "{F446ED94-368F-4F67-913B-16E82CA80DFC}"
EndProject
Project("{2150E333-8FDC-42A3-9474-1A3956D46DE8}") = "aspnetcore", "aspnetcore", "{900DD210-8500-4D89-A05D-C9526935A719}"
EndProject
Project("{9A19103F-16F7-4668-BE54-9A1E7A4F7556}") = "BasicSample", "samples\aspnetcore\BasicSample\BasicSample.csproj", "{59389B47-8280-411E-B840-D097AA1DCDEE}"
EndProject
Project("{9A19103F-16F7-4668-BE54-9A1E7A4F7556}") = "BasicWebApiSample", "samples\webapi\BasicWebApiSample\BasicWebApiSample.csproj", "{D1DF9ECC-7D2F-4982-8E45-BD690EF80906}"
	ProjectSection(ProjectDependencies) = postProject
		{3BAC97ED-1A8E-4F5A-A716-DB5255F51C81} = {3BAC97ED-1A8E-4F5A-A716-DB5255F51C81}
	EndProjectSection
EndProject
Project("{9A19103F-16F7-4668-BE54-9A1E7A4F7556}") = "BasicODataWebApiSample", "samples\webapi\BasicODataWebApiSample\BasicODataWebApiSample.csproj", "{8C09CD67-5153-413C-B870-2FC7488C2D53}"
	ProjectSection(ProjectDependencies) = postProject
		{48A2B488-23AB-4C83-AE30-0B8B735C4562} = {48A2B488-23AB-4C83-AE30-0B8B735C4562}
	EndProjectSection
EndProject
Project("{9A19103F-16F7-4668-BE54-9A1E7A4F7556}") = "Microsoft.AspNetCore.Mvc.Versioning", "src\Microsoft.AspNetCore.Mvc.Versioning\Microsoft.AspNetCore.Mvc.Versioning.csproj", "{C39CCCBC-6B04-406F-96BE-CA796EFF34C5}"
EndProject
Project("{9A19103F-16F7-4668-BE54-9A1E7A4F7556}") = "Microsoft.AspNet.WebApi.Versioning", "src\Microsoft.AspNet.WebApi.Versioning\Microsoft.AspNet.WebApi.Versioning.csproj", "{3BAC97ED-1A8E-4F5A-A716-DB5255F51C81}"
EndProject
Project("{9A19103F-16F7-4668-BE54-9A1E7A4F7556}") = "Microsoft.AspNet.OData.Versioning", "src\Microsoft.AspNet.OData.Versioning\Microsoft.AspNet.OData.Versioning.csproj", "{48A2B488-23AB-4C83-AE30-0B8B735C4562}"
EndProject
Project("{9A19103F-16F7-4668-BE54-9A1E7A4F7556}") = "Microsoft.AspNetCore.Mvc.Versioning.Tests", "test\Microsoft.AspNetCore.Mvc.Versioning.Tests\Microsoft.AspNetCore.Mvc.Versioning.Tests.csproj", "{69C59656-53D1-4ACB-92B5-8B34C8E62175}"
EndProject
Project("{9A19103F-16F7-4668-BE54-9A1E7A4F7556}") = "Microsoft.AspNet.WebApi.Versioning.Tests", "test\Microsoft.AspNet.WebApi.Versioning.Tests\Microsoft.AspNet.WebApi.Versioning.Tests.csproj", "{AEB074E1-E57A-4DD3-A972-3625B367CE5D}"
EndProject
Project("{9A19103F-16F7-4668-BE54-9A1E7A4F7556}") = "Microsoft.AspNet.OData.Versioning.Tests", "test\Microsoft.AspNet.OData.Versioning.Tests\Microsoft.AspNet.OData.Versioning.Tests.csproj", "{D87E54CC-C2D6-4AE5-806D-AE825B051C66}"
EndProject
Project("{9A19103F-16F7-4668-BE54-9A1E7A4F7556}") = "AdvancedODataWebApiSample", "samples\webapi\AdvancedODataWebApiSample\AdvancedODataWebApiSample.csproj", "{E496EED0-F8C9-4FE9-83E6-75E47A3C41A1}"
EndProject
Project("{9A19103F-16F7-4668-BE54-9A1E7A4F7556}") = "ByNamespaceWebApiSample", "samples\webapi\ByNamespaceWebApiSample\ByNamespaceWebApiSample.csproj", "{A02A4245-3AEB-4549-9037-D89DFDC7E74D}"
EndProject
Project("{9A19103F-16F7-4668-BE54-9A1E7A4F7556}") = "ConventionsWebApiSample", "samples\webapi\ConventionsWebApiSample\ConventionsWebApiSample.csproj", "{C1F89961-7134-4D97-BA3A-2693FD1CBF4E}"
EndProject
Project("{9A19103F-16F7-4668-BE54-9A1E7A4F7556}") = "ConventionsODataWebApiSample", "samples\webapi\ConventionsODataWebApiSample\ConventionsODataWebApiSample.csproj", "{9A22600C-7768-4D16-B67D-514F55942FAF}"
EndProject
Project("{9A19103F-16F7-4668-BE54-9A1E7A4F7556}") = "ConventionsSample", "samples\aspnetcore\ConventionsSample\ConventionsSample.csproj", "{1EFC221F-35CF-4B55-BD59-240D5B808E14}"
EndProject
Project("{9A19103F-16F7-4668-BE54-9A1E7A4F7556}") = "Microsoft.AspNet.WebApi.Acceptance.Tests", "test\Microsoft.AspNet.WebApi.Acceptance.Tests\Microsoft.AspNet.WebApi.Acceptance.Tests.csproj", "{5C31964D-EA8B-420B-9297-5ADFEFE54962}"
EndProject
Project("{9A19103F-16F7-4668-BE54-9A1E7A4F7556}") = "Microsoft.AspNetCore.Mvc.Acceptance.Tests", "test\Microsoft.AspNetCore.Mvc.Acceptance.Tests\Microsoft.AspNetCore.Mvc.Acceptance.Tests.csproj", "{4EED304C-D1A6-4866-8D7F-450D084FD25D}"
EndProject
Project("{D954291E-2A0B-460D-934E-DC6B0785DB48}") = "Shared", "src\Shared\Shared.shproj", "{B7897873-6757-4684-83C0-39575821AE14}"
EndProject
Project("{D954291E-2A0B-460D-934E-DC6B0785DB48}") = "Common", "src\Common\Common.shproj", "{6D0E834B-6422-44CD-9A85-E3BE9DEAD1BE}"
EndProject
Project("{D954291E-2A0B-460D-934E-DC6B0785DB48}") = "Test.Common", "test\Test.Common\Test.Common.shproj", "{F9297626-C37C-402B-AFD6-712F3E5E4D7C}"
EndProject
Project("{D954291E-2A0B-460D-934E-DC6B0785DB48}") = "Acceptance.Test.Shared", "test\Acceptance.Test.Shared\Acceptance.Test.Shared.shproj", "{6CDFB878-2642-4F98-AE35-621BAC581181}"
EndProject
Project("{9A19103F-16F7-4668-BE54-9A1E7A4F7556}") = "ByNamespaceSample", "samples\aspnetcore\ByNamespaceSample\ByNamespaceSample.csproj", "{83B21A5B-0779-4391-9700-58AEFEBFA615}"
EndProject
Project("{9A19103F-16F7-4668-BE54-9A1E7A4F7556}") = "Microsoft.AspNet.WebApi.Versioning.ApiExplorer", "src\Microsoft.AspNet.WebApi.Versioning.ApiExplorer\Microsoft.AspNet.WebApi.Versioning.ApiExplorer.csproj", "{91E1F0B5-905D-446C-A2DD-4C1EDABFAF6C}"
EndProject
Project("{9A19103F-16F7-4668-BE54-9A1E7A4F7556}") = "Microsoft.AspNet.WebApi.Versioning.ApiExplorer.Tests", "test\Microsoft.AspNet.WebApi.Versioning.ApiExplorer.Tests\Microsoft.AspNet.WebApi.Versioning.ApiExplorer.Tests.csproj", "{19A2C130-46B4-4CA3-B655-B7547BC414AC}"
EndProject
Project("{9A19103F-16F7-4668-BE54-9A1E7A4F7556}") = "Microsoft.AspNetCore.Mvc.Versioning.ApiExplorer", "src\Microsoft.AspNetCore.Mvc.Versioning.ApiExplorer\Microsoft.AspNetCore.Mvc.Versioning.ApiExplorer.csproj", "{F7784C3A-5569-4590-AE28-B721C0426045}"
EndProject
Project("{9A19103F-16F7-4668-BE54-9A1E7A4F7556}") = "Microsoft.AspNetCore.Mvc.Versioning.ApiExplorer.Tests", "test\Microsoft.AspNetCore.Mvc.Versioning.ApiExplorer.Tests\Microsoft.AspNetCore.Mvc.Versioning.ApiExplorer.Tests.csproj", "{15461DBB-95AD-4CA7-AF41-E70F54860FE3}"
EndProject
Project("{9A19103F-16F7-4668-BE54-9A1E7A4F7556}") = "SwaggerSample", "samples\aspnetcore\SwaggerSample\SwaggerSample.csproj", "{D95BC932-50F7-4014-970E-0C6E8400BE25}"
EndProject
Project("{9A19103F-16F7-4668-BE54-9A1E7A4F7556}") = "SwaggerWebApiSample", "samples\webapi\SwaggerWebApiSample\SwaggerWebApiSample.csproj", "{6BEDE228-4BE9-499E-B1E6-93B6B0AC62DA}"
EndProject
Project("{9A19103F-16F7-4668-BE54-9A1E7A4F7556}") = "SwaggerODataWebApiSample", "samples\webapi\SwaggerODataWebApiSample\SwaggerODataWebApiSample.csproj", "{F3986F7B-AF76-43D1-A44F-303023A08CD3}"
EndProject
Project("{9A19103F-16F7-4668-BE54-9A1E7A4F7556}") = "Microsoft.AspNet.OData.Versioning.ApiExplorer", "src\Microsoft.AspNet.OData.Versioning.ApiExplorer\Microsoft.AspNet.OData.Versioning.ApiExplorer.csproj", "{1B255310-A2B7-437F-804F-6E1D8C940A17}"
EndProject
Project("{9A19103F-16F7-4668-BE54-9A1E7A4F7556}") = "Microsoft.AspNet.OData.Versioning.ApiExplorer.Tests", "test\Microsoft.AspNet.OData.Versioning.ApiExplorer.Tests\Microsoft.AspNet.OData.Versioning.ApiExplorer.Tests.csproj", "{3B7E0FEF-8019-4A17-A55F-A6FA378DA856}"
EndProject
Project("{D954291E-2A0B-460D-934E-DC6B0785DB48}") = "Common.ApiExplorer", "src\Common.ApiExplorer\Common.ApiExplorer.shproj", "{26A67334-F6E6-49B8-8C5A-F88F28770966}"
EndProject
Project("{2150E333-8FDC-42A3-9474-1A3956D46DE8}") = "build", "build", "{2BB57808-14AF-4209-9842-1D6E76A99C3F}"
	ProjectSection(SolutionItems) = preProject
		after.apiversioning.sln.targets = after.apiversioning.sln.targets
		build\code-analysis.props = build\code-analysis.props
		build\common.props = build\common.props
		build\file-version.targets = build\file-version.targets
		build\nuget.props = build\nuget.props
		build\nuget.targets = build\nuget.targets
		build\resource.targets = build\resource.targets
		build\signing.props = build\signing.props
		build\signing.targets = build\signing.targets
	EndProjectSection
EndProject
Project("{2150E333-8FDC-42A3-9474-1A3956D46DE8}") = "tools", "tools", "{3BDDAF5E-4148-4D7F-9B9A-EA11D0110FEB}"
	ProjectSection(SolutionItems) = preProject
		tools\code-analysis.ruleset = tools\code-analysis.ruleset
		tools\custom-dictionary.xml = tools\custom-dictionary.xml
		tools\key.snk = tools\key.snk
		tools\stylecop.json = tools\stylecop.json
	EndProjectSection
EndProject
Project("{9A19103F-16F7-4668-BE54-9A1E7A4F7556}") = "Microsoft.AspNetCore.OData.Versioning", "src\Microsoft.AspNetCore.OData.Versioning\Microsoft.AspNetCore.OData.Versioning.csproj", "{59D9CEC0-F8E5-4A1A-B8DD-5117E6A409D5}"
EndProject
Project("{D954291E-2A0B-460D-934E-DC6B0785DB48}") = "Common.OData", "src\Common.OData\Common.OData.shproj", "{1599A30D-D37F-443C-B935-290144910BE3}"
EndProject
Project("{9A19103F-16F7-4668-BE54-9A1E7A4F7556}") = "ODataBasicSample", "samples\aspnetcore\ODataBasicSample\ODataBasicSample.csproj", "{409F7DC6-56FF-4F54-ACA0-499AE58E7BC9}"
EndProject
Project("{D954291E-2A0B-460D-934E-DC6B0785DB48}") = "OData.Test.Shared", "test\OData.Test.Shared\OData.Test.Shared.shproj", "{9A635D55-7547-4DF6-B7BD-840E16EBDE28}"
EndProject
Project("{9A19103F-16F7-4668-BE54-9A1E7A4F7556}") = "Microsoft.AspNetCore.OData.Versioning.Tests", "test\Microsoft.AspNetCore.OData.Versioning.Tests\Microsoft.AspNetCore.OData.Versioning.Tests.csproj", "{BA0C8652-FEF6-4004-A779-CD6DCF2996F7}"
EndProject
Project("{9A19103F-16F7-4668-BE54-9A1E7A4F7556}") = "SwaggerODataSample", "samples\aspnetcore\SwaggerODataSample\SwaggerODataSample.csproj", "{80B6E379-AC00-4B83-9108-8909850133EE}"
EndProject
Project("{9A19103F-16F7-4668-BE54-9A1E7A4F7556}") = "Microsoft.AspNetCore.OData.Versioning.ApiExplorer", "src\Microsoft.AspNetCore.OData.Versioning.ApiExplorer\Microsoft.AspNetCore.OData.Versioning.ApiExplorer.csproj", "{0D6519AE-20D2-4C98-97AA-ED3622043936}"
EndProject
Project("{D954291E-2A0B-460D-934E-DC6B0785DB48}") = "Common.OData.ApiExplorer", "src\Common.OData.ApiExplorer\Common.OData.ApiExplorer.shproj", "{C0C766F3-A2D6-461E-ADFF-27496600EA9C}"
EndProject
Project("{9A19103F-16F7-4668-BE54-9A1E7A4F7556}") = "Microsoft.AspNetCore.OData.Versioning.ApiExplorer.Tests", "test\Microsoft.AspNetCore.OData.Versioning.ApiExplorer.Tests\Microsoft.AspNetCore.OData.Versioning.ApiExplorer.Tests.csproj", "{23BC896B-A4CC-4C82-B98B-CE71239C2EB8}"
EndProject
Global
	GlobalSection(SharedMSBuildProjectFiles) = preSolution
		src\Common.OData\Common.OData.projitems*{1599a30d-d37f-443c-b935-290144910be3}*SharedItemsImports = 13
		src\Common.ApiExplorer\Common.ApiExplorer.projitems*{26a67334-f6e6-49b8-8c5a-f88f28770966}*SharedItemsImports = 13
		test\Acceptance.Test.Shared\Acceptance.Test.Shared.projitems*{6cdfb878-2642-4f98-ae35-621bac581181}*SharedItemsImports = 13
		src\Common\Common.projitems*{6d0e834b-6422-44cd-9a85-e3be9dead1be}*SharedItemsImports = 13
		test\OData.Test.Shared\OData.Test.Shared.projitems*{9a635d55-7547-4df6-b7bd-840e16ebde28}*SharedItemsImports = 13
		src\Shared\Shared.projitems*{b7897873-6757-4684-83c0-39575821ae14}*SharedItemsImports = 13
		src\Common.OData.ApiExplorer\Common.OData.ApiExplorer.projitems*{c0c766f3-a2d6-461e-adff-27496600ea9c}*SharedItemsImports = 13
		test\Test.Common\Test.Common.projitems*{f9297626-c37c-402b-afd6-712f3e5e4d7c}*SharedItemsImports = 13
	EndGlobalSection
	GlobalSection(SolutionConfigurationPlatforms) = preSolution
		Debug|Any CPU = Debug|Any CPU
		Release|Any CPU = Release|Any CPU
	EndGlobalSection
	GlobalSection(ProjectConfigurationPlatforms) = postSolution
		{59389B47-8280-411E-B840-D097AA1DCDEE}.Debug|Any CPU.ActiveCfg = Debug|Any CPU
		{59389B47-8280-411E-B840-D097AA1DCDEE}.Debug|Any CPU.Build.0 = Debug|Any CPU
		{59389B47-8280-411E-B840-D097AA1DCDEE}.Release|Any CPU.ActiveCfg = Release|Any CPU
		{59389B47-8280-411E-B840-D097AA1DCDEE}.Release|Any CPU.Build.0 = Release|Any CPU
		{D1DF9ECC-7D2F-4982-8E45-BD690EF80906}.Debug|Any CPU.ActiveCfg = Debug|Any CPU
		{D1DF9ECC-7D2F-4982-8E45-BD690EF80906}.Debug|Any CPU.Build.0 = Debug|Any CPU
		{D1DF9ECC-7D2F-4982-8E45-BD690EF80906}.Release|Any CPU.ActiveCfg = Release|Any CPU
		{D1DF9ECC-7D2F-4982-8E45-BD690EF80906}.Release|Any CPU.Build.0 = Release|Any CPU
		{8C09CD67-5153-413C-B870-2FC7488C2D53}.Debug|Any CPU.ActiveCfg = Debug|Any CPU
		{8C09CD67-5153-413C-B870-2FC7488C2D53}.Debug|Any CPU.Build.0 = Debug|Any CPU
		{8C09CD67-5153-413C-B870-2FC7488C2D53}.Release|Any CPU.ActiveCfg = Release|Any CPU
		{8C09CD67-5153-413C-B870-2FC7488C2D53}.Release|Any CPU.Build.0 = Release|Any CPU
		{C39CCCBC-6B04-406F-96BE-CA796EFF34C5}.Debug|Any CPU.ActiveCfg = Debug|Any CPU
		{C39CCCBC-6B04-406F-96BE-CA796EFF34C5}.Debug|Any CPU.Build.0 = Debug|Any CPU
		{C39CCCBC-6B04-406F-96BE-CA796EFF34C5}.Release|Any CPU.ActiveCfg = Release|Any CPU
		{C39CCCBC-6B04-406F-96BE-CA796EFF34C5}.Release|Any CPU.Build.0 = Release|Any CPU
		{3BAC97ED-1A8E-4F5A-A716-DB5255F51C81}.Debug|Any CPU.ActiveCfg = Debug|Any CPU
		{3BAC97ED-1A8E-4F5A-A716-DB5255F51C81}.Debug|Any CPU.Build.0 = Debug|Any CPU
		{3BAC97ED-1A8E-4F5A-A716-DB5255F51C81}.Release|Any CPU.ActiveCfg = Release|Any CPU
		{3BAC97ED-1A8E-4F5A-A716-DB5255F51C81}.Release|Any CPU.Build.0 = Release|Any CPU
		{48A2B488-23AB-4C83-AE30-0B8B735C4562}.Debug|Any CPU.ActiveCfg = Debug|Any CPU
		{48A2B488-23AB-4C83-AE30-0B8B735C4562}.Debug|Any CPU.Build.0 = Debug|Any CPU
		{48A2B488-23AB-4C83-AE30-0B8B735C4562}.Release|Any CPU.ActiveCfg = Release|Any CPU
		{48A2B488-23AB-4C83-AE30-0B8B735C4562}.Release|Any CPU.Build.0 = Release|Any CPU
		{69C59656-53D1-4ACB-92B5-8B34C8E62175}.Debug|Any CPU.ActiveCfg = Debug|Any CPU
		{69C59656-53D1-4ACB-92B5-8B34C8E62175}.Debug|Any CPU.Build.0 = Debug|Any CPU
		{69C59656-53D1-4ACB-92B5-8B34C8E62175}.Release|Any CPU.ActiveCfg = Release|Any CPU
		{69C59656-53D1-4ACB-92B5-8B34C8E62175}.Release|Any CPU.Build.0 = Release|Any CPU
		{AEB074E1-E57A-4DD3-A972-3625B367CE5D}.Debug|Any CPU.ActiveCfg = Debug|Any CPU
		{AEB074E1-E57A-4DD3-A972-3625B367CE5D}.Debug|Any CPU.Build.0 = Debug|Any CPU
		{AEB074E1-E57A-4DD3-A972-3625B367CE5D}.Release|Any CPU.ActiveCfg = Release|Any CPU
		{AEB074E1-E57A-4DD3-A972-3625B367CE5D}.Release|Any CPU.Build.0 = Release|Any CPU
		{D87E54CC-C2D6-4AE5-806D-AE825B051C66}.Debug|Any CPU.ActiveCfg = Debug|Any CPU
		{D87E54CC-C2D6-4AE5-806D-AE825B051C66}.Debug|Any CPU.Build.0 = Debug|Any CPU
		{D87E54CC-C2D6-4AE5-806D-AE825B051C66}.Release|Any CPU.ActiveCfg = Release|Any CPU
		{D87E54CC-C2D6-4AE5-806D-AE825B051C66}.Release|Any CPU.Build.0 = Release|Any CPU
		{E496EED0-F8C9-4FE9-83E6-75E47A3C41A1}.Debug|Any CPU.ActiveCfg = Debug|Any CPU
		{E496EED0-F8C9-4FE9-83E6-75E47A3C41A1}.Debug|Any CPU.Build.0 = Debug|Any CPU
		{E496EED0-F8C9-4FE9-83E6-75E47A3C41A1}.Release|Any CPU.ActiveCfg = Release|Any CPU
		{E496EED0-F8C9-4FE9-83E6-75E47A3C41A1}.Release|Any CPU.Build.0 = Release|Any CPU
		{A02A4245-3AEB-4549-9037-D89DFDC7E74D}.Debug|Any CPU.ActiveCfg = Debug|Any CPU
		{A02A4245-3AEB-4549-9037-D89DFDC7E74D}.Debug|Any CPU.Build.0 = Debug|Any CPU
		{A02A4245-3AEB-4549-9037-D89DFDC7E74D}.Release|Any CPU.ActiveCfg = Release|Any CPU
		{A02A4245-3AEB-4549-9037-D89DFDC7E74D}.Release|Any CPU.Build.0 = Release|Any CPU
		{C1F89961-7134-4D97-BA3A-2693FD1CBF4E}.Debug|Any CPU.ActiveCfg = Debug|Any CPU
		{C1F89961-7134-4D97-BA3A-2693FD1CBF4E}.Debug|Any CPU.Build.0 = Debug|Any CPU
		{C1F89961-7134-4D97-BA3A-2693FD1CBF4E}.Release|Any CPU.ActiveCfg = Release|Any CPU
		{C1F89961-7134-4D97-BA3A-2693FD1CBF4E}.Release|Any CPU.Build.0 = Release|Any CPU
		{9A22600C-7768-4D16-B67D-514F55942FAF}.Debug|Any CPU.ActiveCfg = Debug|Any CPU
		{9A22600C-7768-4D16-B67D-514F55942FAF}.Debug|Any CPU.Build.0 = Debug|Any CPU
		{9A22600C-7768-4D16-B67D-514F55942FAF}.Release|Any CPU.ActiveCfg = Release|Any CPU
		{9A22600C-7768-4D16-B67D-514F55942FAF}.Release|Any CPU.Build.0 = Release|Any CPU
		{1EFC221F-35CF-4B55-BD59-240D5B808E14}.Debug|Any CPU.ActiveCfg = Debug|Any CPU
		{1EFC221F-35CF-4B55-BD59-240D5B808E14}.Debug|Any CPU.Build.0 = Debug|Any CPU
		{1EFC221F-35CF-4B55-BD59-240D5B808E14}.Release|Any CPU.ActiveCfg = Release|Any CPU
		{1EFC221F-35CF-4B55-BD59-240D5B808E14}.Release|Any CPU.Build.0 = Release|Any CPU
		{5C31964D-EA8B-420B-9297-5ADFEFE54962}.Debug|Any CPU.ActiveCfg = Debug|Any CPU
		{5C31964D-EA8B-420B-9297-5ADFEFE54962}.Debug|Any CPU.Build.0 = Debug|Any CPU
		{5C31964D-EA8B-420B-9297-5ADFEFE54962}.Release|Any CPU.ActiveCfg = Release|Any CPU
		{5C31964D-EA8B-420B-9297-5ADFEFE54962}.Release|Any CPU.Build.0 = Release|Any CPU
		{4EED304C-D1A6-4866-8D7F-450D084FD25D}.Debug|Any CPU.ActiveCfg = Debug|Any CPU
		{4EED304C-D1A6-4866-8D7F-450D084FD25D}.Debug|Any CPU.Build.0 = Debug|Any CPU
		{4EED304C-D1A6-4866-8D7F-450D084FD25D}.Release|Any CPU.ActiveCfg = Release|Any CPU
		{4EED304C-D1A6-4866-8D7F-450D084FD25D}.Release|Any CPU.Build.0 = Release|Any CPU
		{83B21A5B-0779-4391-9700-58AEFEBFA615}.Debug|Any CPU.ActiveCfg = Debug|Any CPU
		{83B21A5B-0779-4391-9700-58AEFEBFA615}.Debug|Any CPU.Build.0 = Debug|Any CPU
		{83B21A5B-0779-4391-9700-58AEFEBFA615}.Release|Any CPU.ActiveCfg = Release|Any CPU
		{83B21A5B-0779-4391-9700-58AEFEBFA615}.Release|Any CPU.Build.0 = Release|Any CPU
		{91E1F0B5-905D-446C-A2DD-4C1EDABFAF6C}.Debug|Any CPU.ActiveCfg = Debug|Any CPU
		{91E1F0B5-905D-446C-A2DD-4C1EDABFAF6C}.Debug|Any CPU.Build.0 = Debug|Any CPU
		{91E1F0B5-905D-446C-A2DD-4C1EDABFAF6C}.Release|Any CPU.ActiveCfg = Release|Any CPU
		{91E1F0B5-905D-446C-A2DD-4C1EDABFAF6C}.Release|Any CPU.Build.0 = Release|Any CPU
		{19A2C130-46B4-4CA3-B655-B7547BC414AC}.Debug|Any CPU.ActiveCfg = Debug|Any CPU
		{19A2C130-46B4-4CA3-B655-B7547BC414AC}.Debug|Any CPU.Build.0 = Debug|Any CPU
		{19A2C130-46B4-4CA3-B655-B7547BC414AC}.Release|Any CPU.ActiveCfg = Release|Any CPU
		{19A2C130-46B4-4CA3-B655-B7547BC414AC}.Release|Any CPU.Build.0 = Release|Any CPU
		{F7784C3A-5569-4590-AE28-B721C0426045}.Debug|Any CPU.ActiveCfg = Debug|Any CPU
		{F7784C3A-5569-4590-AE28-B721C0426045}.Debug|Any CPU.Build.0 = Debug|Any CPU
		{F7784C3A-5569-4590-AE28-B721C0426045}.Release|Any CPU.ActiveCfg = Release|Any CPU
		{F7784C3A-5569-4590-AE28-B721C0426045}.Release|Any CPU.Build.0 = Release|Any CPU
		{15461DBB-95AD-4CA7-AF41-E70F54860FE3}.Debug|Any CPU.ActiveCfg = Debug|Any CPU
		{15461DBB-95AD-4CA7-AF41-E70F54860FE3}.Debug|Any CPU.Build.0 = Debug|Any CPU
		{15461DBB-95AD-4CA7-AF41-E70F54860FE3}.Release|Any CPU.ActiveCfg = Release|Any CPU
		{15461DBB-95AD-4CA7-AF41-E70F54860FE3}.Release|Any CPU.Build.0 = Release|Any CPU
		{D95BC932-50F7-4014-970E-0C6E8400BE25}.Debug|Any CPU.ActiveCfg = Debug|Any CPU
		{D95BC932-50F7-4014-970E-0C6E8400BE25}.Debug|Any CPU.Build.0 = Debug|Any CPU
		{D95BC932-50F7-4014-970E-0C6E8400BE25}.Release|Any CPU.ActiveCfg = Release|Any CPU
		{D95BC932-50F7-4014-970E-0C6E8400BE25}.Release|Any CPU.Build.0 = Release|Any CPU
		{6BEDE228-4BE9-499E-B1E6-93B6B0AC62DA}.Debug|Any CPU.ActiveCfg = Debug|Any CPU
		{6BEDE228-4BE9-499E-B1E6-93B6B0AC62DA}.Debug|Any CPU.Build.0 = Debug|Any CPU
		{6BEDE228-4BE9-499E-B1E6-93B6B0AC62DA}.Release|Any CPU.ActiveCfg = Release|Any CPU
		{6BEDE228-4BE9-499E-B1E6-93B6B0AC62DA}.Release|Any CPU.Build.0 = Release|Any CPU
		{F3986F7B-AF76-43D1-A44F-303023A08CD3}.Debug|Any CPU.ActiveCfg = Debug|Any CPU
		{F3986F7B-AF76-43D1-A44F-303023A08CD3}.Debug|Any CPU.Build.0 = Debug|Any CPU
		{F3986F7B-AF76-43D1-A44F-303023A08CD3}.Release|Any CPU.ActiveCfg = Release|Any CPU
		{F3986F7B-AF76-43D1-A44F-303023A08CD3}.Release|Any CPU.Build.0 = Release|Any CPU
		{1B255310-A2B7-437F-804F-6E1D8C940A17}.Debug|Any CPU.ActiveCfg = Debug|Any CPU
		{1B255310-A2B7-437F-804F-6E1D8C940A17}.Debug|Any CPU.Build.0 = Debug|Any CPU
		{1B255310-A2B7-437F-804F-6E1D8C940A17}.Release|Any CPU.ActiveCfg = Release|Any CPU
		{1B255310-A2B7-437F-804F-6E1D8C940A17}.Release|Any CPU.Build.0 = Release|Any CPU
		{3B7E0FEF-8019-4A17-A55F-A6FA378DA856}.Debug|Any CPU.ActiveCfg = Debug|Any CPU
		{3B7E0FEF-8019-4A17-A55F-A6FA378DA856}.Debug|Any CPU.Build.0 = Debug|Any CPU
		{3B7E0FEF-8019-4A17-A55F-A6FA378DA856}.Release|Any CPU.ActiveCfg = Release|Any CPU
		{3B7E0FEF-8019-4A17-A55F-A6FA378DA856}.Release|Any CPU.Build.0 = Release|Any CPU
		{59D9CEC0-F8E5-4A1A-B8DD-5117E6A409D5}.Debug|Any CPU.ActiveCfg = Debug|Any CPU
		{59D9CEC0-F8E5-4A1A-B8DD-5117E6A409D5}.Debug|Any CPU.Build.0 = Debug|Any CPU
		{59D9CEC0-F8E5-4A1A-B8DD-5117E6A409D5}.Release|Any CPU.ActiveCfg = Release|Any CPU
		{59D9CEC0-F8E5-4A1A-B8DD-5117E6A409D5}.Release|Any CPU.Build.0 = Release|Any CPU
		{409F7DC6-56FF-4F54-ACA0-499AE58E7BC9}.Debug|Any CPU.ActiveCfg = Debug|Any CPU
		{409F7DC6-56FF-4F54-ACA0-499AE58E7BC9}.Debug|Any CPU.Build.0 = Debug|Any CPU
		{409F7DC6-56FF-4F54-ACA0-499AE58E7BC9}.Release|Any CPU.ActiveCfg = Release|Any CPU
		{409F7DC6-56FF-4F54-ACA0-499AE58E7BC9}.Release|Any CPU.Build.0 = Release|Any CPU
		{BA0C8652-FEF6-4004-A779-CD6DCF2996F7}.Debug|Any CPU.ActiveCfg = Debug|Any CPU
		{BA0C8652-FEF6-4004-A779-CD6DCF2996F7}.Debug|Any CPU.Build.0 = Debug|Any CPU
		{BA0C8652-FEF6-4004-A779-CD6DCF2996F7}.Release|Any CPU.ActiveCfg = Release|Any CPU
		{BA0C8652-FEF6-4004-A779-CD6DCF2996F7}.Release|Any CPU.Build.0 = Release|Any CPU
		{80B6E379-AC00-4B83-9108-8909850133EE}.Debug|Any CPU.ActiveCfg = Debug|Any CPU
		{80B6E379-AC00-4B83-9108-8909850133EE}.Debug|Any CPU.Build.0 = Debug|Any CPU
		{80B6E379-AC00-4B83-9108-8909850133EE}.Release|Any CPU.ActiveCfg = Release|Any CPU
		{80B6E379-AC00-4B83-9108-8909850133EE}.Release|Any CPU.Build.0 = Release|Any CPU
		{0D6519AE-20D2-4C98-97AA-ED3622043936}.Debug|Any CPU.ActiveCfg = Debug|Any CPU
		{0D6519AE-20D2-4C98-97AA-ED3622043936}.Debug|Any CPU.Build.0 = Debug|Any CPU
		{0D6519AE-20D2-4C98-97AA-ED3622043936}.Release|Any CPU.ActiveCfg = Release|Any CPU
		{0D6519AE-20D2-4C98-97AA-ED3622043936}.Release|Any CPU.Build.0 = Release|Any CPU
		{23BC896B-A4CC-4C82-B98B-CE71239C2EB8}.Debug|Any CPU.ActiveCfg = Debug|Any CPU
		{23BC896B-A4CC-4C82-B98B-CE71239C2EB8}.Debug|Any CPU.Build.0 = Debug|Any CPU
		{23BC896B-A4CC-4C82-B98B-CE71239C2EB8}.Release|Any CPU.ActiveCfg = Release|Any CPU
		{23BC896B-A4CC-4C82-B98B-CE71239C2EB8}.Release|Any CPU.Build.0 = Release|Any CPU
	EndGlobalSection
	GlobalSection(SolutionProperties) = preSolution
		HideSolutionNode = FALSE
	EndGlobalSection
	GlobalSection(NestedProjects) = preSolution
		{F446ED94-368F-4F67-913B-16E82CA80DFC} = {915BB224-B1D0-4E27-A348-67FCC77AAA44}
		{900DD210-8500-4D89-A05D-C9526935A719} = {915BB224-B1D0-4E27-A348-67FCC77AAA44}
		{59389B47-8280-411E-B840-D097AA1DCDEE} = {900DD210-8500-4D89-A05D-C9526935A719}
		{D1DF9ECC-7D2F-4982-8E45-BD690EF80906} = {F446ED94-368F-4F67-913B-16E82CA80DFC}
		{8C09CD67-5153-413C-B870-2FC7488C2D53} = {F446ED94-368F-4F67-913B-16E82CA80DFC}
		{C39CCCBC-6B04-406F-96BE-CA796EFF34C5} = {4D5F5F21-0CB7-4B4E-A42F-732BD4AFD0FF}
		{3BAC97ED-1A8E-4F5A-A716-DB5255F51C81} = {4D5F5F21-0CB7-4B4E-A42F-732BD4AFD0FF}
		{48A2B488-23AB-4C83-AE30-0B8B735C4562} = {4D5F5F21-0CB7-4B4E-A42F-732BD4AFD0FF}
		{69C59656-53D1-4ACB-92B5-8B34C8E62175} = {0987757E-4D09-4523-B9C9-65B1E8832AA1}
		{AEB074E1-E57A-4DD3-A972-3625B367CE5D} = {0987757E-4D09-4523-B9C9-65B1E8832AA1}
		{D87E54CC-C2D6-4AE5-806D-AE825B051C66} = {0987757E-4D09-4523-B9C9-65B1E8832AA1}
		{E496EED0-F8C9-4FE9-83E6-75E47A3C41A1} = {F446ED94-368F-4F67-913B-16E82CA80DFC}
		{A02A4245-3AEB-4549-9037-D89DFDC7E74D} = {F446ED94-368F-4F67-913B-16E82CA80DFC}
		{C1F89961-7134-4D97-BA3A-2693FD1CBF4E} = {F446ED94-368F-4F67-913B-16E82CA80DFC}
		{9A22600C-7768-4D16-B67D-514F55942FAF} = {F446ED94-368F-4F67-913B-16E82CA80DFC}
		{1EFC221F-35CF-4B55-BD59-240D5B808E14} = {900DD210-8500-4D89-A05D-C9526935A719}
		{5C31964D-EA8B-420B-9297-5ADFEFE54962} = {0987757E-4D09-4523-B9C9-65B1E8832AA1}
		{4EED304C-D1A6-4866-8D7F-450D084FD25D} = {0987757E-4D09-4523-B9C9-65B1E8832AA1}
		{B7897873-6757-4684-83C0-39575821AE14} = {4D5F5F21-0CB7-4B4E-A42F-732BD4AFD0FF}
		{6D0E834B-6422-44CD-9A85-E3BE9DEAD1BE} = {4D5F5F21-0CB7-4B4E-A42F-732BD4AFD0FF}
		{F9297626-C37C-402B-AFD6-712F3E5E4D7C} = {0987757E-4D09-4523-B9C9-65B1E8832AA1}
		{6CDFB878-2642-4F98-AE35-621BAC581181} = {0987757E-4D09-4523-B9C9-65B1E8832AA1}
		{83B21A5B-0779-4391-9700-58AEFEBFA615} = {900DD210-8500-4D89-A05D-C9526935A719}
		{91E1F0B5-905D-446C-A2DD-4C1EDABFAF6C} = {4D5F5F21-0CB7-4B4E-A42F-732BD4AFD0FF}
		{19A2C130-46B4-4CA3-B655-B7547BC414AC} = {0987757E-4D09-4523-B9C9-65B1E8832AA1}
		{F7784C3A-5569-4590-AE28-B721C0426045} = {4D5F5F21-0CB7-4B4E-A42F-732BD4AFD0FF}
		{15461DBB-95AD-4CA7-AF41-E70F54860FE3} = {0987757E-4D09-4523-B9C9-65B1E8832AA1}
		{D95BC932-50F7-4014-970E-0C6E8400BE25} = {900DD210-8500-4D89-A05D-C9526935A719}
		{6BEDE228-4BE9-499E-B1E6-93B6B0AC62DA} = {F446ED94-368F-4F67-913B-16E82CA80DFC}
		{F3986F7B-AF76-43D1-A44F-303023A08CD3} = {F446ED94-368F-4F67-913B-16E82CA80DFC}
		{1B255310-A2B7-437F-804F-6E1D8C940A17} = {4D5F5F21-0CB7-4B4E-A42F-732BD4AFD0FF}
		{3B7E0FEF-8019-4A17-A55F-A6FA378DA856} = {0987757E-4D09-4523-B9C9-65B1E8832AA1}
		{26A67334-F6E6-49B8-8C5A-F88F28770966} = {4D5F5F21-0CB7-4B4E-A42F-732BD4AFD0FF}
		{59D9CEC0-F8E5-4A1A-B8DD-5117E6A409D5} = {4D5F5F21-0CB7-4B4E-A42F-732BD4AFD0FF}
		{1599A30D-D37F-443C-B935-290144910BE3} = {4D5F5F21-0CB7-4B4E-A42F-732BD4AFD0FF}
		{409F7DC6-56FF-4F54-ACA0-499AE58E7BC9} = {900DD210-8500-4D89-A05D-C9526935A719}
		{9A635D55-7547-4DF6-B7BD-840E16EBDE28} = {0987757E-4D09-4523-B9C9-65B1E8832AA1}
		{BA0C8652-FEF6-4004-A779-CD6DCF2996F7} = {0987757E-4D09-4523-B9C9-65B1E8832AA1}
		{80B6E379-AC00-4B83-9108-8909850133EE} = {900DD210-8500-4D89-A05D-C9526935A719}
		{0D6519AE-20D2-4C98-97AA-ED3622043936} = {4D5F5F21-0CB7-4B4E-A42F-732BD4AFD0FF}
		{C0C766F3-A2D6-461E-ADFF-27496600EA9C} = {4D5F5F21-0CB7-4B4E-A42F-732BD4AFD0FF}
		{23BC896B-A4CC-4C82-B98B-CE71239C2EB8} = {0987757E-4D09-4523-B9C9-65B1E8832AA1}
	EndGlobalSection
	GlobalSection(ExtensibilityGlobals) = postSolution
		SolutionGuid = {5A38B7FA-17BC-4D3C-977F-7379653DC67C}
	EndGlobalSection
EndGlobal
